<?xml version="1.0" encoding="utf-8"?>
<Project ToolsVersion="4.0" xmlns="http://schemas.microsoft.com/developer/msbuild/2003">
  <ItemGroup>
    <Filter Include="core-files">
      <UniqueIdentifier>{2E172D4C-1ACF-6E99-83D6-47F56FAD098A}</UniqueIdentifier>
    </Filter>
    <Filter Include="core-files\Event">
      <UniqueIdentifier>{FFC21EBD-EBBB-3D0F-14EE-229400461D1B}</UniqueIdentifier>
    </Filter>
    <Filter Include="core-files\ImGui">
      <UniqueIdentifier>{D8B661BD-C4AF-800F-EDE1-6594D939601B}</UniqueIdentifier>
    </Filter>
    <Filter Include="core-files\Platform">
      <UniqueIdentifier>{42476B97-AEA8-48A5-3716-8F57A3767F64}</UniqueIdentifier>
    </Filter>
    <Filter Include="core-files\Platform\OpenGL">
      <UniqueIdentifier>{36F26ABE-2202-178F-8BBB-7BAD77EA0528}</UniqueIdentifier>
    </Filter>
    <Filter Include="core-files\Platform\Windows">
      <UniqueIdentifier>{7C13E5E3-E820-13CA-7107-0FB5DD13DF80}</UniqueIdentifier>
    </Filter>
  </ItemGroup>
  <ItemGroup>
    <ClInclude Include="src\HyperReal.h" />
    <ClInclude Include="src\core-files\Application.h">
      <Filter>core-files</Filter>
    </ClInclude>
    <ClInclude Include="src\core-files\Event\ApplicationEvent.h">
      <Filter>core-files\Event</Filter>
    </ClInclude>
    <ClInclude Include="src\core-files\Event\Event.h">
      <Filter>core-files\Event</Filter>
    </ClInclude>
    <ClInclude Include="src\core-files\Event\KeyEvent.h">
      <Filter>core-files\Event</Filter>
    </ClInclude>
    <ClInclude Include="src\core-files\Event\MouseEvent.h">
      <Filter>core-files\Event</Filter>
    </ClInclude>
    <ClInclude Include="src\core-files\ImGui\ImGuiLayer.h">
      <Filter>core-files\ImGui</Filter>
    </ClInclude>
    <ClInclude Include="src\core-files\Layer.h">
      <Filter>core-files</Filter>
    </ClInclude>
    <ClInclude Include="src\core-files\LayerStack.h">
      <Filter>core-files</Filter>
    </ClInclude>
    <ClInclude Include="src\core-files\Log.h">
      <Filter>core-files</Filter>
    </ClInclude>
    <ClInclude Include="src\core-files\Platform\OpenGL\ImGuiOpenGLRenderer.h">
      <Filter>core-files\Platform\OpenGL</Filter>
    </ClInclude>
    <ClInclude Include="src\core-files\Platform\Windows\WindowsWindow.h">
      <Filter>core-files\Platform\Windows</Filter>
    </ClInclude>
    <ClInclude Include="src\core-files\Window.h">
      <Filter>core-files</Filter>
    </ClInclude>
    <ClInclude Include="src\core-files\core.h">
      <Filter>core-files</Filter>
    </ClInclude>
    <ClInclude Include="src\core-files\entrypoint.h">
      <Filter>core-files</Filter>
    </ClInclude>
    <ClInclude Include="src\hrpch.h" />
    <ClInclude Include="src\core-files\input.h" />
    <ClInclude Include="src\core-files\Platform\Windows\WindowsInput.h" />
    <ClInclude Include="src\core-files\Keycodes.h" />
    <ClInclude Include="src\core-files\MouseButtoncodes.h" />
  </ItemGroup>
  <ItemGroup>
    <ClCompile Include="src\core-files\Application.cpp">
      <Filter>core-files</Filter>
    </ClCompile>
    <ClCompile Include="src\core-files\ImGui\ImGuiLayer.cpp">
      <Filter>core-files\ImGui</Filter>
    </ClCompile>
    <ClCompile Include="src\core-files\Layer.cpp">
      <Filter>core-files</Filter>
    </ClCompile>
    <ClCompile Include="src\core-files\LayerStack.cpp">
      <Filter>core-files</Filter>
    </ClCompile>
    <ClCompile Include="src\core-files\Log.cpp">
      <Filter>core-files</Filter>
    </ClCompile>
    <ClCompile Include="src\core-files\Platform\OpenGL\ImGuiOpenGLRenderer.cpp">
      <Filter>core-files\Platform\OpenGL</Filter>
    </ClCompile>
    <ClCompile Include="src\core-files\Platform\Windows\WindowsWindow.cpp">
      <Filter>core-files\Platform\Windows</Filter>
    </ClCompile>
    <ClCompile Include="src\hrpch.cpp" />
    <ClCompile Include="src\core-files\Platform\Windows\WindowsInput.cpp" />
  </ItemGroup>
</Project>